// !$*UTF8*$!
{
	archiveVersion = 1;
	classes = {
	};
	objectVersion = 50;
	objects = {

/* Begin PBXBuildFile section */
		DCF43CFA2527E640001A86D8 /* AppDelegate.swift in Sources */ = {isa = PBXBuildFile; fileRef = DCF43CF92527E640001A86D8 /* AppDelegate.swift */; };
		DCF43CFC2527E640001A86D8 /* ViewController.swift in Sources */ = {isa = PBXBuildFile; fileRef = DCF43CFB2527E640001A86D8 /* ViewController.swift */; };
		DCF43CFF2527E640001A86D8 /* Main.storyboard in Resources */ = {isa = PBXBuildFile; fileRef = DCF43CFD2527E640001A86D8 /* Main.storyboard */; };
		DCF43D012527E641001A86D8 /* Assets.xcassets in Resources */ = {isa = PBXBuildFile; fileRef = DCF43D002527E641001A86D8 /* Assets.xcassets */; };
		DCF43D042527E641001A86D8 /* LaunchScreen.storyboard in Resources */ = {isa = PBXBuildFile; fileRef = DCF43D022527E641001A86D8 /* LaunchScreen.storyboard */; };
		DCF43D18252805D8001A86D8 /* BolosDados.swift in Sources */ = {isa = PBXBuildFile; fileRef = DCF43D17252805D8001A86D8 /* BolosDados.swift */; };
		DCF43D1A25280868001A86D8 /* BolosCell.swift in Sources */ = {isa = PBXBuildFile; fileRef = DCF43D1925280868001A86D8 /* BolosCell.swift */; };
		DCF43D2025280D65001A86D8 /* Lista.swift in Sources */ = {isa = PBXBuildFile; fileRef = DCF43D1F25280D65001A86D8 /* Lista.swift */; };
/* End PBXBuildFile section */

/* Begin PBXFileReference section */
		DCF43CF62527E640001A86D8 /* Loja_Bolos.app */ = {isa = PBXFileReference; explicitFileType = wrapper.application; includeInIndex = 0; path = Loja_Bolos.app; sourceTree = BUILT_PRODUCTS_DIR; };
		DCF43CF92527E640001A86D8 /* AppDelegate.swift */ = {isa = PBXFileReference; lastKnownFileType = sourcecode.swift; path = AppDelegate.swift; sourceTree = "<group>"; };
		DCF43CFB2527E640001A86D8 /* ViewController.swift */ = {isa = PBXFileReference; lastKnownFileType = sourcecode.swift; path = ViewController.swift; sourceTree = "<group>"; };
		DCF43CFE2527E640001A86D8 /* Base */ = {isa = PBXFileReference; lastKnownFileType = file.storyboard; name = Base; path = Base.lproj/Main.storyboard; sourceTree = "<group>"; };
		DCF43D002527E641001A86D8 /* Assets.xcassets */ = {isa = PBXFileReference; lastKnownFileType = folder.assetcatalog; path = Assets.xcassets; sourceTree = "<group>"; };
		DCF43D032527E641001A86D8 /* Base */ = {isa = PBXFileReference; lastKnownFileType = file.storyboard; name = Base; path = Base.lproj/LaunchScreen.storyboard; sourceTree = "<group>"; };
		DCF43D052527E641001A86D8 /* Info.plist */ = {isa = PBXFileReference; lastKnownFileType = text.plist.xml; path = Info.plist; sourceTree = "<group>"; };
		DCF43D17252805D8001A86D8 /* BolosDados.swift */ = {isa = PBXFileReference; lastKnownFileType = sourcecode.swift; path = BolosDados.swift; sourceTree = "<group>"; };
		DCF43D1925280868001A86D8 /* BolosCell.swift */ = {isa = PBXFileReference; lastKnownFileType = sourcecode.swift; path = BolosCell.swift; sourceTree = "<group>"; };
		DCF43D1F25280D65001A86D8 /* Lista.swift */ = {isa = PBXFileReference; lastKnownFileType = sourcecode.swift; path = Lista.swift; sourceTree = "<group>"; };
/* End PBXFileReference section */

/* Begin PBXFrameworksBuildPhase section */
		DCF43CF32527E640001A86D8 /* Frameworks */ = {
			isa = PBXFrameworksBuildPhase;
			buildActionMask = 2147483647;
			files = (
			);
			runOnlyForDeploymentPostprocessing = 0;
		};
/* End PBXFrameworksBuildPhase section */

/* Begin PBXGroup section */
		DCF43CED2527E640001A86D8 = {
			isa = PBXGroup;
			children = (
				DCF43CF82527E640001A86D8 /* Loja_Bolos */,
				DCF43CF72527E640001A86D8 /* Products */,
			);
			sourceTree = "<group>";
		};
		DCF43CF72527E640001A86D8 /* Products */ = {
			isa = PBXGroup;
			children = (
				DCF43CF62527E640001A86D8 /* Loja_Bolos.app */,
			);
			name = Products;
			sourceTree = "<group>";
		};
		DCF43CF82527E640001A86D8 /* Loja_Bolos */ = {
			isa = PBXGroup;
			children = (
				DCF43CF92527E640001A86D8 /* AppDelegate.swift */,
				DCF43CFB2527E640001A86D8 /* ViewController.swift */,
				DCF43CFD2527E640001A86D8 /* Main.storyboard */,
				DCF43D002527E641001A86D8 /* Assets.xcassets */,
				DCF43D022527E641001A86D8 /* LaunchScreen.storyboard */,
				DCF43D052527E641001A86D8 /* Info.plist */,
				DCF43D17252805D8001A86D8 /* BolosDados.swift */,
				DCF43D1925280868001A86D8 /* BolosCell.swift */,
				DCF43D1F25280D65001A86D8 /* Lista.swift */,
			);
			path = Loja_Bolos;
			sourceTree = "<group>";
		};
/* End PBXGroup section */

/* Begin PBXNativeTarget section */
		DCF43CF52527E640001A86D8 /* Loja_Bolos */ = {
			isa = PBXNativeTarget;
			buildConfigurationList = DCF43D082527E641001A86D8 /* Build configuration list for PBXNativeTarget "Loja_Bolos" */;
			buildPhases = (
				DCF43CF22527E640001A86D8 /* Sources */,
				DCF43CF32527E640001A86D8 /* Frameworks */,
				DCF43CF42527E640001A86D8 /* Resources */,
			);
			buildRules = (
			);
			dependencies = (
			);
			name = Loja_Bolos;
			productName = Loja_Bolos;
			productReference = DCF43CF62527E640001A86D8 /* Loja_Bolos.app */;
			productType = "com.apple.product-type.application";
		};
/* End PBXNativeTarget section */

/* Begin PBXProject section */
		DCF43CEE2527E640001A86D8 /* Project object */ = {
			isa = PBXProject;
			attributes = {
				LastSwiftUpdateCheck = 1020;
				LastUpgradeCheck = 1020;
				ORGANIZATIONNAME = Cotemig;
				TargetAttributes = {
					DCF43CF52527E640001A86D8 = {
						CreatedOnToolsVersion = 10.2.1;
					};
				};
			};
			buildConfigurationList = DCF43CF12527E640001A86D8 /* Build configuration list for PBXProject "Loja_Bolos" */;
			compatibilityVersion = "Xcode 9.3";
			developmentRegion = en;
			hasScannedForEncodings = 0;
			knownRegions = (
				en,
				Base,
			);
			mainGroup = DCF43CED2527E640001A86D8;
			productRefGroup = DCF43CF72527E640001A86D8 /* Products */;
			projectDirPath = "";
			projectRoot = "";
			targets = (
				DCF43CF52527E640001A86D8 /* Loja_Bolos */,
			);
		};
/* End PBXProject section */

/* Begin PBXResourcesBuildPhase section */
		DCF43CF42527E640001A86D8 /* Resources */ = {
			isa = PBXResourcesBuildPhase;
			buildActionMask = 2147483647;
			files = (
				DCF43D042527E641001A86D8 /* LaunchScreen.storyboard in Resources */,
				DCF43D012527E641001A86D8 /* Assets.xcassets in Resources */,
				DCF43CFF2527E640001A86D8 /* Main.storyboard in Resources */,
			);
			runOnlyForDeploymentPostprocessing = 0;
		};
/* End PBXResourcesBuildPhase section */

/* Begin PBXSourcesBuildPhase section */
		DCF43CF22527E640001A86D8 /* Sources */ = {
			isa = PBXSourcesBuildPhase;
			buildActionMask = 2147483647;
			files = (
				DCF43CFC2527E640001A86D8 /* ViewController.swift in Sources */,
				DCF43D18252805D8001A86D8 /* BolosDados.swift in Sources */,
				DCF43CFA2527E640001A86D8 /* AppDelegate.swift in Sources */,
				DCF43D2025280D65001A86D8 /* Lista.swift in Sources */,
				DCF43D1A25280868001A86D8 /* BolosCell.swift in Sources */,
			);
			runOnlyForDeploymentPostprocessing = 0;
		};
/* End PBXSourcesBuildPhase section */

/* Begin PBXVariantGroup section */
		DCF43CFD2527E640001A86D8 /* Main.storyboard */ = {
			isa = PBXVariantGroup;
			children = (
				DCF43CFE2527E640001A86D8 /* Base */,
			);
			name = Main.storyboard;
			sourceTree = "<group>";
		};
		DCF43D022527E641001A86D8 /* LaunchScreen.storyboard */ = {
			isa = PBXVariantGroup;
			children = (
				DCF43D032527E641001A86D8 /* Base */,
			);
			name = LaunchScreen.storyboard;
			sourceTree = "<group>";
		};
/* End PBXVariantGroup section */

/* Begin XCBuildConfiguration section */
		DCF43D062527E641001A86D8 /* Debug */ = {
			isa = XCBuildConfiguration;
			buildSettings = {
				ALWAYS_SEARCH_USER_PATHS = NO;
				CLANG_ANALYZER_NONNULL = YES;
				CLANG_ANALYZER_NUMBER_OBJECT_CONVERSION = YES_AGGRESSIVE;
				CLANG_CXX_LANGUAGE_STANDARD = "gnu++14";
				CLANG_CXX_LIBRARY = "libc++";
				CLANG_ENABLE_MODULES = YES;
				CLANG_ENABLE_OBJC_ARC = YES;
				CLANG_ENABLE_OBJC_WEAK = YES;
				CLANG_WARN_BLOCK_CAPTURE_AUTORELEASING = YES;
				CLANG_WARN_BOOL_CONVERSION = YES;
				CLANG_WARN_COMMA = YES;
				CLANG_WARN_CONSTANT_CONVERSION = YES;
				CLANG_WARN_DEPRECATED_OBJC_IMPLEMENTATIONS = YES;
				CLANG_WARN_DIRECT_OBJC_ISA_USAGE = YES_ERROR;
				CLANG_WARN_DOCUMENTATION_COMMENTS = YES;
				CLANG_WARN_EMPTY_BODY = YES;
				CLANG_WARN_ENUM_CONVERSION = YES;
				CLANG_WARN_INFINITE_RECURSION = YES;
				CLANG_WARN_INT_CONVERSION = YES;
				CLANG_WARN_NON_LITERAL_NULL_CONVERSION = YES;
				CLANG_WARN_OBJC_IMPLICIT_RETAIN_SELF = YES;
				CLANG_WARN_OBJC_LITERAL_CONVERSION = YES;
				CLANG_WARN_OBJC_ROOT_CLASS = YES_ERROR;
				CLANG_WARN_RANGE_LOOP_ANALYSIS = YES;
				CLANG_WARN_STRICT_PROTOTYPES = YES;
				CLANG_WARN_SUSPICIOUS_MOVE = YES;
				CLANG_WARN_UNGUARDED_AVAILABILITY = YES_AGGRESSIVE;
				CLANG_WARN_UNREACHABLE_CODE = YES;
				CLANG_WARN__DUPLICATE_METHOD_MATCH = YES;
				CODE_SIGN_IDENTITY = "iPhone Developer";
				COPY_PHASE_STRIP = NO;
				DEBUG_INFORMATION_FORMAT = dwarf;
				ENABLE_STRICT_OBJC_MSGSEND = YES;
				ENABLE_TESTABILITY = YES;
				GCC_C_LANGUAGE_STANDARD = gnu11;
				GCC_DYNAMIC_NO_PIC = NO;
				GCC_NO_COMMON_BLOCKS = YES;
				GCC_OPTIMIZATION_LEVEL = 0;
				GCC_PREPROCESSOR_DEFINITIONS = (
					"DEBUG=1",
					"$(inherited)",
				);
				GCC_WARN_64_TO_32_BIT_CONVERSION = YES;
				GCC_WARN_ABOUT_RETURN_TYPE = YES_ERROR;
				GCC_WARN_UNDECLARED_SELECTOR = YES;
				GCC_WARN_UNINITIALIZED_AUTOS = YES_AGGRESSIVE;
				GCC_WARN_UNUSED_FUNCTION = YES;
				GCC_WARN_UNUSED_VARIABLE = YES;
				IPHONEOS_DEPLOYMENT_TARGET = 12.2;
				MTL_ENABLE_DEBUG_INFO = INCLUDE_SOURCE;
				MTL_FAST_MATH = YES;
				ONLY_ACTIVE_ARCH = YES;
				SDKROOT = iphoneos;
				SWIFT_ACTIVE_COMPILATION_CONDITIONS = DEBUG;
				SWIFT_OPTIMIZATION_LEVEL = "-Onone";
			};
			name = Debug;
		};
		DCF43D072527E641001A86D8 /* Release */ = {
			isa = XCBuildConfiguration;
			buildSettings = {
				ALWAYS_SEARCH_USER_PATHS = NO;
				CLANG_ANALYZER_NONNULL = YES;
				CLANG_ANALYZER_NUMBER_OBJECT_CONVERSION = YES_AGGRESSIVE;
				CLANG_CXX_LANGUAGE_STANDARD = "gnu++14";
				CLANG_CXX_LIBRARY = "libc++";
				CLANG_ENABLE_MODULES = YES;
				CLANG_ENABLE_OBJC_ARC = YES;
				CLANG_ENABLE_OBJC_WEAK = YES;
				CLANG_WARN_BLOCK_CAPTURE_AUTORELEASING = YES;
				CLANG_WARN_BOOL_CONVERSION = YES;
				CLANG_WARN_COMMA = YES;
				CLANG_WARN_CONSTANT_CONVERSION = YES;
				CLANG_WARN_DEPRECATED_OBJC_IMPLEMENTATIONS = YES;
				CLANG_WARN_DIRECT_OBJC_ISA_USAGE = YES_ERROR;
				CLANG_WARN_DOCUMENTATION_COMMENTS = YES;
				CLANG_WARN_EMPTY_BODY = YES;
				CLANG_WARN_ENUM_CONVERSION = YES;
				CLANG_WARN_INFINITE_RECURSION = YES;
				CLANG_WARN_INT_CONVERSION = YES;
				CLANG_WARN_NON_LITERAL_NULL_CONVERSION = YES;
				CLANG_WARN_OBJC_IMPLICIT_RETAIN_SELF = YES;
				CLANG_WARN_OBJC_LITERAL_CONVERSION = YES;
				CLANG_WARN_OBJC_ROOT_CLASS = YES_ERROR;
				CLANG_WARN_RANGE_LOOP_ANALYSIS = YES;
				CLANG_WARN_STRICT_PROTOTYPES = YES;
				CLANG_WARN_SUSPICIOUS_MOVE = YES;
				CLANG_WARN_UNGUARDED_AVAILABILITY = YES_AGGRESSIVE;
				CLANG_WARN_UNREACHABLE_CODE = YES;
				CLANG_WARN__DUPLICATE_METHOD_MATCH = YES;
				CODE_SIGN_IDENTITY = "iPhone Developer";
				COPY_PHASE_STRIP = NO;
				DEBUG_INFORMATION_FORMAT = "dwarf-with-dsym";
				ENABLE_NS_ASSERTIONS = NO;
				ENABLE_STRICT_OBJC_MSGSEND = YES;
				GCC_C_LANGUAGE_STANDARD = gnu11;
				GCC_NO_COMMON_BLOCKS = YES;
				GCC_WARN_64_TO_32_BIT_CONVERSION = YES;
				GCC_WARN_ABOUT_RETURN_TYPE = YES_ERROR;
				GCC_WARN_UNDECLARED_SELECTOR = YES;
				GCC_WARN_UNINITIALIZED_AUTOS = YES_AGGRESSIVE;
				GCC_WARN_UNUSED_FUNCTION = YES;
				GCC_WARN_UNUSED_VARIABLE = YES;
				IPHONEOS_DEPLOYMENT_TARGET = 12.2;
				MTL_ENABLE_DEBUG_INFO = NO;
				MTL_FAST_MATH = YES;
				SDKROOT = iphoneos;
				SWIFT_COMPILATION_MODE = wholemodule;
				SWIFT_OPTIMIZATION_LEVEL = "-O";
				VALIDATE_PRODUCT = YES;
			};
			name = Release;
		};
		DCF43D092527E641001A86D8 /* Debug */ = {
			isa = XCBuildConfiguration;
			buildSettings = {
				ASSETCATALOG_COMPILER_APPICON_NAME = AppIcon;
				CODE_SIGN_STYLE = Automatic;
				INFOPLIST_FILE = Loja_Bolos/Info.plist;
				LD_RUNPATH_SEARCH_PATHS = (
					"$(inherited)",
					"@executable_path/Frameworks",
				);
				PRODUCT_BUNDLE_IDENTIFIER = "br.com.cotemig.Loja-Bolos";
				PRODUCT_NAME = "$(TARGET_NAME)";
				SWIFT_VERSION = 5.0;
				TARGETED_DEVICE_FAMILY = "1,2";
			};
			name = Debug;
		};
		DCF43D0A2527E641001A86D8 /* Release */ = {
			isa = XCBuildConfiguration;
			buildSettings = {
				ASSETCATALOG_COMPILER_APPICON_NAME = AppIcon;
				CODE_SIGN_STYLE = Automatic;
				INFOPLIST_FILE = Loja_Bolos/Info.plist;
				LD_RUNPATH_SEARCH_PATHS = (
					"$(inherited)",
					"@executable_path/Frameworks",
				);
				PRODUCT_BUNDLE_IDENTIFIER = "br.com.cotemig.Loja-Bolos";
				PRODUCT_NAME = "$(TARGET_NAME)";
				SWIFT_VERSION = 5.0;
				TARGETED_DEVICE_FAMILY = "1,2";
			};
			name = Release;
		};
/* End XCBuildConfiguration section */

/* Begin XCConfigurationList section */
		DCF43CF12527E640001A86D8 /* Build configuration list for PBXProject "Loja_Bolos" */ = {
			isa = XCConfigurationList;
			buildConfigurations = (
				DCF43D062527E641001A86D8 /* Debug */,
				DCF43D072527E641001A86D8 /* Release */,
			);
			defaultConfigurationIsVisible = 0;
			defaultConfigurationName = Release;
		};
		DCF43D082527E641001A86D8 /* Build configuration list for PBXNativeTarget "Loja_Bolos" */ = {
			isa = XCConfigurationList;
			buildConfigurations = (
				DCF43D092527E641001A86D8 /* Debug */,
				DCF43D0A2527E641001A86D8 /* Release */,
			);
			defaultConfigurationIsVisible = 0;
			defaultConfigurationName = Release;
		};
/* End XCConfigurationList section */
	};
	rootObject = DCF43CEE2527E640001A86D8 /* Project object */;
}
